
Microsoft Visual Studio Solution File, Format Version 12.00
# Visual Studio Version 17
VisualStudioVersion = 17.2.32616.157
MinimumVisualStudioVersion = 10.0.40219.1
Project("{9A19103F-16F7-4668-BE54-9A1E7A4F7556}") = "NumeralSystemsConverter", "NumeralSystemsConverter\NumeralSystemsConverter.csproj", "{A614006D-B56E-4B81-BB8B-D708FDB90043}"
EndProject
Project("{FAE04EC0-301F-11D3-BF4B-00C04F79EFBC}") = "NumeralSystemsConverterTests", "NumeralSystemsConverterTests\NumeralSystemsConverterTests.csproj", "{B873AF91-E277-488D-82E1-2F5F11B71AC7}"
EndProject
Global
	GlobalSection(SolutionConfigurationPlatforms) = preSolution
		Debug|Any CPU = Debug|Any CPU
		Release|Any CPU = Release|Any CPU
	EndGlobalSection
	GlobalSection(ProjectConfigurationPlatforms) = postSolution
		{A614006D-B56E-4B81-BB8B-D708FDB90043}.Debug|Any CPU.ActiveCfg = Debug|Any CPU
		{A614006D-B56E-4B81-BB8B-D708FDB90043}.Debug|Any CPU.Build.0 = Debug|Any CPU
		{A614006D-B56E-4B81-BB8B-D708FDB90043}.Release|Any CPU.ActiveCfg = Release|Any CPU
		{A614006D-B56E-4B81-BB8B-D708FDB90043}.Release|Any CPU.Build.0 = Release|Any CPU
		{B873AF91-E277-488D-82E1-2F5F11B71AC7}.Debug|Any CPU.ActiveCfg = Debug|Any CPU
		{B873AF91-E277-488D-82E1-2F5F11B71AC7}.Debug|Any CPU.Build.0 = Debug|Any CPU
		{B873AF91-E277-488D-82E1-2F5F11B71AC7}.Release|Any CPU.ActiveCfg = Release|Any CPU
		{B873AF91-E277-488D-82E1-2F5F11B71AC7}.Release|Any CPU.Build.0 = Release|Any CPU
	EndGlobalSection
	GlobalSection(SolutionProperties) = preSolution
		HideSolutionNode = FALSE
	EndGlobalSection
	GlobalSection(ExtensibilityGlobals) = postSolution
		SolutionGuid = {A303659E-CB6D-4583-B1BE-E3EE138156FB}
	EndGlobalSection
EndGlobal
